
Microsoft Visual Studio Solution File, Format Version 12.00
# Visual Studio Version 17
VisualStudioVersion = 17.7.34024.191
MinimumVisualStudioVersion = 10.0.40219.1
Project("{8BC9CEB8-8B4A-11D0-8D11-00A0C91BC942}") = "Middle Earth Mod Loader", "Middle Earth Mod Loader\Middle Earth Mod Loader.vcxproj", "{121277EC-E066-4EC2-950D-2BBCA6006C38}"
EndProject
Global
	GlobalSection(SolutionConfigurationPlatforms) = preSolution
		Debug|x64 = Debug|x64
		Debug|x86 = Debug|x86
		Release|x64 = Release|x64
		Release|x86 = Release|x86
	EndGlobalSection
	GlobalSection(ProjectConfigurationPlatforms) = postSolution
		{121277EC-E066-4EC2-950D-2BBCA6006C38}.Debug|x64.ActiveCfg = Debug|x64
		{121277EC-E066-4EC2-950D-2BBCA6006C38}.Debug|x64.Build.0 = Debug|x64
		{121277EC-E066-4EC2-950D-2BBCA6006C38}.Debug|x86.ActiveCfg = Debug|Win32
		{121277EC-E066-4EC2-950D-2BBCA6006C38}.Debug|x86.Build.0 = Debug|Win32
		{121277EC-E066-4EC2-950D-2BBCA6006C38}.Release|x64.ActiveCfg = Release|x64
		{121277EC-E066-4EC2-950D-2BBCA6006C38}.Release|x64.Build.0 = Release|x64
		{121277EC-E066-4EC2-950D-2BBCA6006C38}.Release|x86.ActiveCfg = Release|Win32
		{121277EC-E066-4EC2-950D-2BBCA6006C38}.Release|x86.Build.0 = Release|Win32
	EndGlobalSection
	GlobalSection(SolutionProperties) = preSolution
		HideSolutionNode = FALSE
	EndGlobalSection
	GlobalSection(ExtensibilityGlobals) = postSolution
		SolutionGuid = {AC2AC29E-803B-4900-863F-29DEFEFCF24F}
	EndGlobalSection
EndGlobal
